// !$*UTF8*$!
{
	archiveVersion = 1;
	classes = {
	};
	objectVersion = 56;
	objects = {

/* Begin PBXBuildFile section */
		2380CFF82A9E84F7009A6A5A /* AppDelegate.swift in Sources */ = {isa = PBXBuildFile; fileRef = 2380CFF72A9E84F7009A6A5A /* AppDelegate.swift */; };
		2380CFFA2A9E84F7009A6A5A /* SceneDelegate.swift in Sources */ = {isa = PBXBuildFile; fileRef = 2380CFF92A9E84F7009A6A5A /* SceneDelegate.swift */; };
		2380CFFC2A9E84F7009A6A5A /* ViewController.swift in Sources */ = {isa = PBXBuildFile; fileRef = 2380CFFB2A9E84F7009A6A5A /* ViewController.swift */; };
		2380CFFF2A9E84F7009A6A5A /* Main.storyboard in Resources */ = {isa = PBXBuildFile; fileRef = 2380CFFD2A9E84F7009A6A5A /* Main.storyboard */; };
		2380D0012A9E84FC009A6A5A /* Assets.xcassets in Resources */ = {isa = PBXBuildFile; fileRef = 2380D0002A9E84FC009A6A5A /* Assets.xcassets */; };
		2380D0042A9E84FC009A6A5A /* LaunchScreen.storyboard in Resources */ = {isa = PBXBuildFile; fileRef = 2380D0022A9E84FC009A6A5A /* LaunchScreen.storyboard */; };
		2380D00F2A9E99AC009A6A5A /* ContriesListModel.swift in Sources */ = {isa = PBXBuildFile; fileRef = 2380D00E2A9E99AC009A6A5A /* ContriesListModel.swift */; };
		2380D0132A9E99F1009A6A5A /* Services.swift in Sources */ = {isa = PBXBuildFile; fileRef = 2380D0122A9E99F1009A6A5A /* Services.swift */; };
		2380D0152A9E9BBB009A6A5A /* CountriesListViewModel.swift in Sources */ = {isa = PBXBuildFile; fileRef = 2380D0142A9E9BBB009A6A5A /* CountriesListViewModel.swift */; };
		2380D0182A9EA45B009A6A5A /* CountryTableViewCell.swift in Sources */ = {isa = PBXBuildFile; fileRef = 2380D0162A9EA45B009A6A5A /* CountryTableViewCell.swift */; };
		2380D0192A9EA45B009A6A5A /* CountryTableViewCell.xib in Resources */ = {isa = PBXBuildFile; fileRef = 2380D0172A9EA45B009A6A5A /* CountryTableViewCell.xib */; };
/* End PBXBuildFile section */

/* Begin PBXFileReference section */
		2380CFF42A9E84F7009A6A5A /* FetchListOfCountriesAssesment.app */ = {isa = PBXFileReference; explicitFileType = wrapper.application; includeInIndex = 0; path = FetchListOfCountriesAssesment.app; sourceTree = BUILT_PRODUCTS_DIR; };
		2380CFF72A9E84F7009A6A5A /* AppDelegate.swift */ = {isa = PBXFileReference; lastKnownFileType = sourcecode.swift; path = AppDelegate.swift; sourceTree = "<group>"; };
		2380CFF92A9E84F7009A6A5A /* SceneDelegate.swift */ = {isa = PBXFileReference; lastKnownFileType = sourcecode.swift; path = SceneDelegate.swift; sourceTree = "<group>"; };
		2380CFFB2A9E84F7009A6A5A /* ViewController.swift */ = {isa = PBXFileReference; lastKnownFileType = sourcecode.swift; path = ViewController.swift; sourceTree = "<group>"; };
		2380CFFE2A9E84F7009A6A5A /* Base */ = {isa = PBXFileReference; lastKnownFileType = file.storyboard; name = Base; path = Base.lproj/Main.storyboard; sourceTree = "<group>"; };
		2380D0002A9E84FC009A6A5A /* Assets.xcassets */ = {isa = PBXFileReference; lastKnownFileType = folder.assetcatalog; path = Assets.xcassets; sourceTree = "<group>"; };
		2380D0032A9E84FC009A6A5A /* Base */ = {isa = PBXFileReference; lastKnownFileType = file.storyboard; name = Base; path = Base.lproj/LaunchScreen.storyboard; sourceTree = "<group>"; };
		2380D0052A9E84FC009A6A5A /* Info.plist */ = {isa = PBXFileReference; lastKnownFileType = text.plist.xml; path = Info.plist; sourceTree = "<group>"; };
		2380D00E2A9E99AC009A6A5A /* ContriesListModel.swift */ = {isa = PBXFileReference; lastKnownFileType = sourcecode.swift; path = ContriesListModel.swift; sourceTree = "<group>"; };
		2380D0122A9E99F1009A6A5A /* Services.swift */ = {isa = PBXFileReference; lastKnownFileType = sourcecode.swift; path = Services.swift; sourceTree = "<group>"; };
		2380D0142A9E9BBB009A6A5A /* CountriesListViewModel.swift */ = {isa = PBXFileReference; indentWidth = 3; lastKnownFileType = sourcecode.swift; path = CountriesListViewModel.swift; sourceTree = "<group>"; };
		2380D0162A9EA45B009A6A5A /* CountryTableViewCell.swift */ = {isa = PBXFileReference; lastKnownFileType = sourcecode.swift; path = CountryTableViewCell.swift; sourceTree = "<group>"; };
		2380D0172A9EA45B009A6A5A /* CountryTableViewCell.xib */ = {isa = PBXFileReference; lastKnownFileType = file.xib; path = CountryTableViewCell.xib; sourceTree = "<group>"; };
/* End PBXFileReference section */

/* Begin PBXFrameworksBuildPhase section */
		2380CFF12A9E84F7009A6A5A /* Frameworks */ = {
			isa = PBXFrameworksBuildPhase;
			buildActionMask = 2147483647;
			files = (
			);
			runOnlyForDeploymentPostprocessing = 0;
		};
/* End PBXFrameworksBuildPhase section */

/* Begin PBXGroup section */
		2380CFEB2A9E84F7009A6A5A = {
			isa = PBXGroup;
			children = (
				2380CFF62A9E84F7009A6A5A /* FetchListOfCountriesAssesment */,
				2380CFF52A9E84F7009A6A5A /* Products */,
			);
			sourceTree = "<group>";
		};
		2380CFF52A9E84F7009A6A5A /* Products */ = {
			isa = PBXGroup;
			children = (
				2380CFF42A9E84F7009A6A5A /* FetchListOfCountriesAssesment.app */,
			);
			name = Products;
			sourceTree = "<group>";
		};
		2380CFF62A9E84F7009A6A5A /* FetchListOfCountriesAssesment */ = {
			isa = PBXGroup;
			children = (
				2380CFF72A9E84F7009A6A5A /* AppDelegate.swift */,
				2380D00D2A9E85E0009A6A5A /* View */,
				2380D00C2A9E85D5009A6A5A /* ViewModel */,
				2380D00B2A9E85CD009A6A5A /* Model */,
				2380CFF92A9E84F7009A6A5A /* SceneDelegate.swift */,
				2380D0102A9E99B5009A6A5A /* Services */,
				2380CFFD2A9E84F7009A6A5A /* Main.storyboard */,
				2380D0002A9E84FC009A6A5A /* Assets.xcassets */,
				2380D0022A9E84FC009A6A5A /* LaunchScreen.storyboard */,
				2380D0052A9E84FC009A6A5A /* Info.plist */,
			);
			path = FetchListOfCountriesAssesment;
			sourceTree = "<group>";
		};
		2380D00B2A9E85CD009A6A5A /* Model */ = {
			isa = PBXGroup;
			children = (
				2380D00E2A9E99AC009A6A5A /* ContriesListModel.swift */,
			);
			path = Model;
			sourceTree = "<group>";
		};
		2380D00C2A9E85D5009A6A5A /* ViewModel */ = {
			isa = PBXGroup;
			children = (
				2380D0142A9E9BBB009A6A5A /* CountriesListViewModel.swift */,
				2380D0162A9EA45B009A6A5A /* CountryTableViewCell.swift */,
				2380D0172A9EA45B009A6A5A /* CountryTableViewCell.xib */,
			);
			path = ViewModel;
			sourceTree = "<group>";
		};
		2380D00D2A9E85E0009A6A5A /* View */ = {
			isa = PBXGroup;
			children = (
				2380CFFB2A9E84F7009A6A5A /* ViewController.swift */,
			);
			path = View;
			sourceTree = "<group>";
		};
		2380D0102A9E99B5009A6A5A /* Services */ = {
			isa = PBXGroup;
			children = (
				2380D0122A9E99F1009A6A5A /* Services.swift */,
			);
			path = Services;
			sourceTree = "<group>";
		};
/* End PBXGroup section */

/* Begin PBXNativeTarget section */
		2380CFF32A9E84F7009A6A5A /* FetchListOfCountriesAssesment */ = {
			isa = PBXNativeTarget;
			buildConfigurationList = 2380D0082A9E84FC009A6A5A /* Build configuration list for PBXNativeTarget "FetchListOfCountriesAssesment" */;
			buildPhases = (
				2380CFF02A9E84F7009A6A5A /* Sources */,
				2380CFF12A9E84F7009A6A5A /* Frameworks */,
				2380CFF22A9E84F7009A6A5A /* Resources */,
			);
			buildRules = (
			);
			dependencies = (
			);
			name = FetchListOfCountriesAssesment;
			productName = FetchListOfCountriesAssesment;
			productReference = 2380CFF42A9E84F7009A6A5A /* FetchListOfCountriesAssesment.app */;
			productType = "com.apple.product-type.application";
		};
/* End PBXNativeTarget section */

/* Begin PBXProject section */
		2380CFEC2A9E84F7009A6A5A /* Project object */ = {
			isa = PBXProject;
			attributes = {
				BuildIndependentTargetsInParallel = 1;
				LastSwiftUpdateCheck = 1500;
				LastUpgradeCheck = 1500;
				TargetAttributes = {
					2380CFF32A9E84F7009A6A5A = {
						CreatedOnToolsVersion = 15.0;
					};
				};
			};
			buildConfigurationList = 2380CFEF2A9E84F7009A6A5A /* Build configuration list for PBXProject "FetchListOfCountriesAssesment" */;
			compatibilityVersion = "Xcode 14.0";
			developmentRegion = en;
			hasScannedForEncodings = 0;
			knownRegions = (
				en,
				Base,
			);
			mainGroup = 2380CFEB2A9E84F7009A6A5A;
			productRefGroup = 2380CFF52A9E84F7009A6A5A /* Products */;
			projectDirPath = "";
			projectRoot = "";
			targets = (
				2380CFF32A9E84F7009A6A5A /* FetchListOfCountriesAssesment */,
			);
		};
/* End PBXProject section */

/* Begin PBXResourcesBuildPhase section */
		2380CFF22A9E84F7009A6A5A /* Resources */ = {
			isa = PBXResourcesBuildPhase;
			buildActionMask = 2147483647;
			files = (
				2380D0192A9EA45B009A6A5A /* CountryTableViewCell.xib in Resources */,
				2380D0042A9E84FC009A6A5A /* LaunchScreen.storyboard in Resources */,
				2380D0012A9E84FC009A6A5A /* Assets.xcassets in Resources */,
				2380CFFF2A9E84F7009A6A5A /* Main.storyboard in Resources */,
			);
			runOnlyForDeploymentPostprocessing = 0;
		};
/* End PBXResourcesBuildPhase section */

/* Begin PBXSourcesBuildPhase section */
		2380CFF02A9E84F7009A6A5A /* Sources */ = {
			isa = PBXSourcesBuildPhase;
			buildActionMask = 2147483647;
			files = (
				2380D0132A9E99F1009A6A5A /* Services.swift in Sources */,
				2380D0152A9E9BBB009A6A5A /* CountriesListViewModel.swift in Sources */,
				2380CFFC2A9E84F7009A6A5A /* ViewController.swift in Sources */,
				2380CFF82A9E84F7009A6A5A /* AppDelegate.swift in Sources */,
				2380D00F2A9E99AC009A6A5A /* ContriesListModel.swift in Sources */,
				2380D0182A9EA45B009A6A5A /* CountryTableViewCell.swift in Sources */,
				2380CFFA2A9E84F7009A6A5A /* SceneDelegate.swift in Sources */,
			);
			runOnlyForDeploymentPostprocessing = 0;
		};
/* End PBXSourcesBuildPhase section */

/* Begin PBXVariantGroup section */
		2380CFFD2A9E84F7009A6A5A /* Main.storyboard */ = {
			isa = PBXVariantGroup;
			children = (
				2380CFFE2A9E84F7009A6A5A /* Base */,
			);
			name = Main.storyboard;
			sourceTree = "<group>";
		};
		2380D0022A9E84FC009A6A5A /* LaunchScreen.storyboard */ = {
			isa = PBXVariantGroup;
			children = (
				2380D0032A9E84FC009A6A5A /* Base */,
			);
			name = LaunchScreen.storyboard;
			sourceTree = "<group>";
		};
/* End PBXVariantGroup section */

/* Begin XCBuildConfiguration section */
		2380D0062A9E84FC009A6A5A /* Debug */ = {
			isa = XCBuildConfiguration;
			buildSettings = {
				ALWAYS_SEARCH_USER_PATHS = NO;
				ASSETCATALOG_COMPILER_GENERATE_SWIFT_ASSET_SYMBOL_EXTENSIONS = YES;
				CLANG_ANALYZER_NONNULL = YES;
				CLANG_ANALYZER_NUMBER_OBJECT_CONVERSION = YES_AGGRESSIVE;
				CLANG_CXX_LANGUAGE_STANDARD = "gnu++20";
				CLANG_ENABLE_MODULES = YES;
				CLANG_ENABLE_OBJC_ARC = YES;
				CLANG_ENABLE_OBJC_WEAK = YES;
				CLANG_WARN_BLOCK_CAPTURE_AUTORELEASING = YES;
				CLANG_WARN_BOOL_CONVERSION = YES;
				CLANG_WARN_COMMA = YES;
				CLANG_WARN_CONSTANT_CONVERSION = YES;
				CLANG_WARN_DEPRECATED_OBJC_IMPLEMENTATIONS = YES;
				CLANG_WARN_DIRECT_OBJC_ISA_USAGE = YES_ERROR;
				CLANG_WARN_DOCUMENTATION_COMMENTS = YES;
				CLANG_WARN_EMPTY_BODY = YES;
				CLANG_WARN_ENUM_CONVERSION = YES;
				CLANG_WARN_INFINITE_RECURSION = YES;
				CLANG_WARN_INT_CONVERSION = YES;
				CLANG_WARN_NON_LITERAL_NULL_CONVERSION = YES;
				CLANG_WARN_OBJC_IMPLICIT_RETAIN_SELF = YES;
				CLANG_WARN_OBJC_LITERAL_CONVERSION = YES;
				CLANG_WARN_OBJC_ROOT_CLASS = YES_ERROR;
				CLANG_WARN_QUOTED_INCLUDE_IN_FRAMEWORK_HEADER = YES;
				CLANG_WARN_RANGE_LOOP_ANALYSIS = YES;
				CLANG_WARN_STRICT_PROTOTYPES = YES;
				CLANG_WARN_SUSPICIOUS_MOVE = YES;
				CLANG_WARN_UNGUARDED_AVAILABILITY = YES_AGGRESSIVE;
				CLANG_WARN_UNREACHABLE_CODE = YES;
				CLANG_WARN__DUPLICATE_METHOD_MATCH = YES;
				COPY_PHASE_STRIP = NO;
				DEBUG_INFORMATION_FORMAT = dwarf;
				ENABLE_STRICT_OBJC_MSGSEND = YES;
				ENABLE_TESTABILITY = YES;
				ENABLE_USER_SCRIPT_SANDBOXING = YES;
				GCC_C_LANGUAGE_STANDARD = gnu17;
				GCC_DYNAMIC_NO_PIC = NO;
				GCC_NO_COMMON_BLOCKS = YES;
				GCC_OPTIMIZATION_LEVEL = 0;
				GCC_PREPROCESSOR_DEFINITIONS = (
					"DEBUG=1",
					"$(inherited)",
				);
				GCC_WARN_64_TO_32_BIT_CONVERSION = YES;
				GCC_WARN_ABOUT_RETURN_TYPE = YES_ERROR;
				GCC_WARN_UNDECLARED_SELECTOR = YES;
				GCC_WARN_UNINITIALIZED_AUTOS = YES_AGGRESSIVE;
				GCC_WARN_UNUSED_FUNCTION = YES;
				GCC_WARN_UNUSED_VARIABLE = YES;
				IPHONEOS_DEPLOYMENT_TARGET = 17.0;
				LOCALIZATION_PREFERS_STRING_CATALOGS = YES;
				MTL_ENABLE_DEBUG_INFO = INCLUDE_SOURCE;
				MTL_FAST_MATH = YES;
				ONLY_ACTIVE_ARCH = YES;
				SDKROOT = iphoneos;
				SWIFT_ACTIVE_COMPILATION_CONDITIONS = "DEBUG $(inherited)";
				SWIFT_OPTIMIZATION_LEVEL = "-Onone";
			};
			name = Debug;
		};
		2380D0072A9E84FC009A6A5A /* Release */ = {
			isa = XCBuildConfiguration;
			buildSettings = {
				ALWAYS_SEARCH_USER_PATHS = NO;
				ASSETCATALOG_COMPILER_GENERATE_SWIFT_ASSET_SYMBOL_EXTENSIONS = YES;
				CLANG_ANALYZER_NONNULL = YES;
				CLANG_ANALYZER_NUMBER_OBJECT_CONVERSION = YES_AGGRESSIVE;
				CLANG_CXX_LANGUAGE_STANDARD = "gnu++20";
				CLANG_ENABLE_MODULES = YES;
				CLANG_ENABLE_OBJC_ARC = YES;
				CLANG_ENABLE_OBJC_WEAK = YES;
				CLANG_WARN_BLOCK_CAPTURE_AUTORELEASING = YES;
				CLANG_WARN_BOOL_CONVERSION = YES;
				CLANG_WARN_COMMA = YES;
				CLANG_WARN_CONSTANT_CONVERSION = YES;
				CLANG_WARN_DEPRECATED_OBJC_IMPLEMENTATIONS = YES;
				CLANG_WARN_DIRECT_OBJC_ISA_USAGE = YES_ERROR;
				CLANG_WARN_DOCUMENTATION_COMMENTS = YES;
				CLANG_WARN_EMPTY_BODY = YES;
				CLANG_WARN_ENUM_CONVERSION = YES;
				CLANG_WARN_INFINITE_RECURSION = YES;
				CLANG_WARN_INT_CONVERSION = YES;
				CLANG_WARN_NON_LITERAL_NULL_CONVERSION = YES;
				CLANG_WARN_OBJC_IMPLICIT_RETAIN_SELF = YES;
				CLANG_WARN_OBJC_LITERAL_CONVERSION = YES;
				CLANG_WARN_OBJC_ROOT_CLASS = YES_ERROR;
				CLANG_WARN_QUOTED_INCLUDE_IN_FRAMEWORK_HEADER = YES;
				CLANG_WARN_RANGE_LOOP_ANALYSIS = YES;
				CLANG_WARN_STRICT_PROTOTYPES = YES;
				CLANG_WARN_SUSPICIOUS_MOVE = YES;
				CLANG_WARN_UNGUARDED_AVAILABILITY = YES_AGGRESSIVE;
				CLANG_WARN_UNREACHABLE_CODE = YES;
				CLANG_WARN__DUPLICATE_METHOD_MATCH = YES;
				COPY_PHASE_STRIP = NO;
				DEBUG_INFORMATION_FORMAT = "dwarf-with-dsym";
				ENABLE_NS_ASSERTIONS = NO;
				ENABLE_STRICT_OBJC_MSGSEND = YES;
				ENABLE_USER_SCRIPT_SANDBOXING = YES;
				GCC_C_LANGUAGE_STANDARD = gnu17;
				GCC_NO_COMMON_BLOCKS = YES;
				GCC_WARN_64_TO_32_BIT_CONVERSION = YES;
				GCC_WARN_ABOUT_RETURN_TYPE = YES_ERROR;
				GCC_WARN_UNDECLARED_SELECTOR = YES;
				GCC_WARN_UNINITIALIZED_AUTOS = YES_AGGRESSIVE;
				GCC_WARN_UNUSED_FUNCTION = YES;
				GCC_WARN_UNUSED_VARIABLE = YES;
				IPHONEOS_DEPLOYMENT_TARGET = 17.0;
				LOCALIZATION_PREFERS_STRING_CATALOGS = YES;
				MTL_ENABLE_DEBUG_INFO = NO;
				MTL_FAST_MATH = YES;
				SDKROOT = iphoneos;
				SWIFT_COMPILATION_MODE = wholemodule;
				VALIDATE_PRODUCT = YES;
			};
			name = Release;
		};
		2380D0092A9E84FC009A6A5A /* Debug */ = {
			isa = XCBuildConfiguration;
			buildSettings = {
				ASSETCATALOG_COMPILER_APPICON_NAME = AppIcon;
				ASSETCATALOG_COMPILER_GLOBAL_ACCENT_COLOR_NAME = AccentColor;
				CODE_SIGN_STYLE = Automatic;
				CURRENT_PROJECT_VERSION = 1;
				DEVELOPMENT_TEAM = F788WA65H3;
				GENERATE_INFOPLIST_FILE = YES;
				INFOPLIST_FILE = FetchListOfCountriesAssesment/Info.plist;
				INFOPLIST_KEY_UIApplicationSupportsIndirectInputEvents = YES;
				INFOPLIST_KEY_UILaunchStoryboardName = LaunchScreen;
				INFOPLIST_KEY_UIMainStoryboardFile = Main;
				INFOPLIST_KEY_UISupportedInterfaceOrientations_iPad = "UIInterfaceOrientationPortrait UIInterfaceOrientationPortraitUpsideDown UIInterfaceOrientationLandscapeLeft UIInterfaceOrientationLandscapeRight";
				INFOPLIST_KEY_UISupportedInterfaceOrientations_iPhone = "UIInterfaceOrientationPortrait UIInterfaceOrientationLandscapeLeft UIInterfaceOrientationLandscapeRight";
				LD_RUNPATH_SEARCH_PATHS = (
					"$(inherited)",
					"@executable_path/Frameworks",
				);
				MARKETING_VERSION = 1.0;
				PRODUCT_BUNDLE_IDENTIFIER = com.naeemit.FetchListOfCountriesAssesment;
				PRODUCT_NAME = "$(TARGET_NAME)";
				SWIFT_EMIT_LOC_STRINGS = YES;
				SWIFT_VERSION = 5.0;
				TARGETED_DEVICE_FAMILY = "1,2";
			};
			name = Debug;
		};
		2380D00A2A9E84FC009A6A5A /* Release */ = {
			isa = XCBuildConfiguration;
			buildSettings = {
				ASSETCATALOG_COMPILER_APPICON_NAME = AppIcon;
				ASSETCATALOG_COMPILER_GLOBAL_ACCENT_COLOR_NAME = AccentColor;
				CODE_SIGN_STYLE = Automatic;
				CURRENT_PROJECT_VERSION = 1;
				DEVELOPMENT_TEAM = F788WA65H3;
				GENERATE_INFOPLIST_FILE = YES;
				INFOPLIST_FILE = FetchListOfCountriesAssesment/Info.plist;
				INFOPLIST_KEY_UIApplicationSupportsIndirectInputEvents = YES;
				INFOPLIST_KEY_UILaunchStoryboardName = LaunchScreen;
				INFOPLIST_KEY_UIMainStoryboardFile = Main;
				INFOPLIST_KEY_UISupportedInterfaceOrientations_iPad = "UIInterfaceOrientationPortrait UIInterfaceOrientationPortraitUpsideDown UIInterfaceOrientationLandscapeLeft UIInterfaceOrientationLandscapeRight";
				INFOPLIST_KEY_UISupportedInterfaceOrientations_iPhone = "UIInterfaceOrientationPortrait UIInterfaceOrientationLandscapeLeft UIInterfaceOrientationLandscapeRight";
				LD_RUNPATH_SEARCH_PATHS = (
					"$(inherited)",
					"@executable_path/Frameworks",
				);
				MARKETING_VERSION = 1.0;
				PRODUCT_BUNDLE_IDENTIFIER = com.naeemit.FetchListOfCountriesAssesment;
				PRODUCT_NAME = "$(TARGET_NAME)";
				SWIFT_EMIT_LOC_STRINGS = YES;
				SWIFT_VERSION = 5.0;
				TARGETED_DEVICE_FAMILY = "1,2";
			};
			name = Release;
		};
/* End XCBuildConfiguration section */

/* Begin XCConfigurationList section */
		2380CFEF2A9E84F7009A6A5A /* Build configuration list for PBXProject "FetchListOfCountriesAssesment" */ = {
			isa = XCConfigurationList;
			buildConfigurations = (
				2380D0062A9E84FC009A6A5A /* Debug */,
				2380D0072A9E84FC009A6A5A /* Release */,
			);
			defaultConfigurationIsVisible = 0;
			defaultConfigurationName = Release;
		};
		2380D0082A9E84FC009A6A5A /* Build configuration list for PBXNativeTarget "FetchListOfCountriesAssesment" */ = {
			isa = XCConfigurationList;
			buildConfigurations = (
				2380D0092A9E84FC009A6A5A /* Debug */,
				2380D00A2A9E84FC009A6A5A /* Release */,
			);
			defaultConfigurationIsVisible = 0;
			defaultConfigurationName = Release;
		};
/* End XCConfigurationList section */
	};
	rootObject = 2380CFEC2A9E84F7009A6A5A /* Project object */;
}
